{
	"name": "@roger.b/ui",
	"version": "1.0.0",
	"lockfileVersion": 2,
	"requires": true,
	"packages": {
		"": {
			"name": "@roger.b/ui",
			"version": "1.0.0",
			"license": "ISC",
			"dependencies": {
				"@roger.b/functions": "^0.0.1",
				"@roger.b/types": "^1.0.0"
			}
		},
		"node_modules/@roger.b/functions": {
			"version": "0.0.1",
			"resolved": "https://registry.npmjs.org/@roger.b/functions/-/functions-0.0.1.tgz",
			"integrity": "sha512-Er3GZxy99U2BmfIPc3Y5tJXGfOXN8n4fQ6yZsV3yr7dLhiEIjnFhACtU07pZ8e/7NuSZr0wedSTdtjvMNzCO8A=="
		},
		"node_modules/@roger.b/types": {
			"version": "1.0.0",
			"resolved": "https://registry.npmjs.org/@roger.b/types/-/types-1.0.0.tgz",
			"integrity": "sha512-86a3eCdyEUi32q0U8pG9QkG4Rw0ydZm/yIYoz9D0uurwDlGbqPtBTsASKB3nepRgMUtAGZ1lQ8DFXHyV+SDEqA=="
		}
	},
	"dependencies": {
		"@roger.b/functions": {
			"version": "0.0.1",
			"resolved": "https://registry.npmjs.org/@roger.b/functions/-/functions-0.0.1.tgz",
			"integrity": "sha512-Er3GZxy99U2BmfIPc3Y5tJXGfOXN8n4fQ6yZsV3yr7dLhiEIjnFhACtU07pZ8e/7NuSZr0wedSTdtjvMNzCO8A=="
		},
		"@roger.b/types": {
			"version": "1.0.0",
			"resolved": "https://registry.npmjs.org/@roger.b/types/-/types-1.0.0.tgz",
			"integrity": "sha512-86a3eCdyEUi32q0U8pG9QkG4Rw0ydZm/yIYoz9D0uurwDlGbqPtBTsASKB3nepRgMUtAGZ1lQ8DFXHyV+SDEqA=="
		}
	}
}
